
Microsoft Visual Studio Solution File, Format Version 12.00
# Visual Studio 14
VisualStudioVersion = 14.0.25420.1
MinimumVisualStudioVersion = 10.0.40219.1
Project("{2150E333-8FDC-42A3-9474-1A3956D46DE8}") = "Language", "Language", "{7D6B53D8-0F12-41C6-BE2A-BDC5655BA436}"
EndProject
Project("{FAE04EC0-301F-11D3-BF4B-00C04F79EFBC}") = "Integra.Space.Language", "Integra.Space.Language\Integra.Space.Language.csproj", "{6D4D259B-281F-454F-9B47-4CE2D108BA6A}"
EndProject
Project("{2150E333-8FDC-42A3-9474-1A3956D46DE8}") = ".nuget", ".nuget", "{CF1253B7-1BCB-4396-9EA1-B444A492FC52}"
	ProjectSection(SolutionItems) = preProject
		.nuget\NuGet.Config = .nuget\NuGet.Config
	EndProjectSection
EndProject
Project("{FAE04EC0-301F-11D3-BF4B-00C04F79EFBC}") = "Integra.Space.LanguageUnitTests", "Integra.Space.LanguageUnitTests\Integra.Space.LanguageUnitTests.csproj", "{50D251F6-E471-4477-B6B9-D7811A705E26}"
EndProject
Project("{2150E333-8FDC-42A3-9474-1A3956D46DE8}") = "StyleCop", "StyleCop", "{FCAF8C96-3A7B-42D5-B39E-766A3F8A982B}"
	ProjectSection(SolutionItems) = preProject
		Settings.StyleCop = Settings.StyleCop
	EndProjectSection
EndProject
Project("{FAE04EC0-301F-11D3-BF4B-00C04F79EFBC}") = "Integra.Space.Language.Analysis", "Integra.Space.Language.Analysis\Integra.Space.Language.Analysis.csproj", "{72AE5CF6-F8AF-49E7-8230-AEF0B5878BF4}"
EndProject
Project("{FAE04EC0-301F-11D3-BF4B-00C04F79EFBC}") = "Integra.Space.Language.Tests", "Integra.Space.Language.Tests\Integra.Space.Language.Tests.csproj", "{C76BCCD5-C175-4E06-A780-87F129AD5995}"
EndProject
Project("{2150E333-8FDC-42A3-9474-1A3956D46DE8}") = "Solution Items", "Solution Items", "{A99B02C7-8E8F-468A-B431-56C78685D624}"
	ProjectSection(SolutionItems) = preProject
		Local.testsettings = Local.testsettings
	EndProjectSection
EndProject
Project("{FAE04EC0-301F-11D3-BF4B-00C04F79EFBC}") = "Integra.Space.Runtime", "Integra.Space.Runtime\Integra.Space.Runtime.csproj", "{87560B2C-3273-4F36-88A2-5FA49C2B6195}"
EndProject
Project("{2150E333-8FDC-42A3-9474-1A3956D46DE8}") = "Runtime", "Runtime", "{17ACAA27-2BAE-456D-9BC0-3959A38547EA}"
EndProject
Global
	GlobalSection(SolutionConfigurationPlatforms) = preSolution
		Debug|Any CPU = Debug|Any CPU
		Release|Any CPU = Release|Any CPU
	EndGlobalSection
	GlobalSection(ProjectConfigurationPlatforms) = postSolution
		{6D4D259B-281F-454F-9B47-4CE2D108BA6A}.Debug|Any CPU.ActiveCfg = Debug|Any CPU
		{6D4D259B-281F-454F-9B47-4CE2D108BA6A}.Debug|Any CPU.Build.0 = Debug|Any CPU
		{6D4D259B-281F-454F-9B47-4CE2D108BA6A}.Release|Any CPU.ActiveCfg = Release|Any CPU
		{6D4D259B-281F-454F-9B47-4CE2D108BA6A}.Release|Any CPU.Build.0 = Release|Any CPU
		{50D251F6-E471-4477-B6B9-D7811A705E26}.Debug|Any CPU.ActiveCfg = Debug|Any CPU
		{50D251F6-E471-4477-B6B9-D7811A705E26}.Debug|Any CPU.Build.0 = Debug|Any CPU
		{50D251F6-E471-4477-B6B9-D7811A705E26}.Release|Any CPU.ActiveCfg = Release|Any CPU
		{50D251F6-E471-4477-B6B9-D7811A705E26}.Release|Any CPU.Build.0 = Release|Any CPU
		{72AE5CF6-F8AF-49E7-8230-AEF0B5878BF4}.Debug|Any CPU.ActiveCfg = Debug|Any CPU
		{72AE5CF6-F8AF-49E7-8230-AEF0B5878BF4}.Debug|Any CPU.Build.0 = Debug|Any CPU
		{72AE5CF6-F8AF-49E7-8230-AEF0B5878BF4}.Release|Any CPU.ActiveCfg = Release|Any CPU
		{72AE5CF6-F8AF-49E7-8230-AEF0B5878BF4}.Release|Any CPU.Build.0 = Release|Any CPU
		{C76BCCD5-C175-4E06-A780-87F129AD5995}.Debug|Any CPU.ActiveCfg = Debug|Any CPU
		{C76BCCD5-C175-4E06-A780-87F129AD5995}.Debug|Any CPU.Build.0 = Debug|Any CPU
		{C76BCCD5-C175-4E06-A780-87F129AD5995}.Release|Any CPU.ActiveCfg = Release|Any CPU
		{C76BCCD5-C175-4E06-A780-87F129AD5995}.Release|Any CPU.Build.0 = Release|Any CPU
		{87560B2C-3273-4F36-88A2-5FA49C2B6195}.Debug|Any CPU.ActiveCfg = Debug|Any CPU
		{87560B2C-3273-4F36-88A2-5FA49C2B6195}.Debug|Any CPU.Build.0 = Debug|Any CPU
		{87560B2C-3273-4F36-88A2-5FA49C2B6195}.Release|Any CPU.ActiveCfg = Release|Any CPU
		{87560B2C-3273-4F36-88A2-5FA49C2B6195}.Release|Any CPU.Build.0 = Release|Any CPU
	EndGlobalSection
	GlobalSection(SolutionProperties) = preSolution
		HideSolutionNode = FALSE
	EndGlobalSection
	GlobalSection(NestedProjects) = preSolution
		{6D4D259B-281F-454F-9B47-4CE2D108BA6A} = {7D6B53D8-0F12-41C6-BE2A-BDC5655BA436}
		{50D251F6-E471-4477-B6B9-D7811A705E26} = {7D6B53D8-0F12-41C6-BE2A-BDC5655BA436}
		{72AE5CF6-F8AF-49E7-8230-AEF0B5878BF4} = {7D6B53D8-0F12-41C6-BE2A-BDC5655BA436}
		{87560B2C-3273-4F36-88A2-5FA49C2B6195} = {17ACAA27-2BAE-456D-9BC0-3959A38547EA}
	EndGlobalSection
	GlobalSection(ExtensibilityGlobals) = postSolution
		EnterpriseLibraryConfigurationToolBinariesPathV6 = packages\EnterpriseLibrary.TransientFaultHandling.6.0.1304.0\lib\portable-net45+win+wp8;packages\EnterpriseLibrary.TransientFaultHandling.Data.6.0.1304.1\lib\NET45
	EndGlobalSection
EndGlobal
